
Microsoft Visual Studio Solution File, Format Version 12.00
# Visual Studio Version 17
VisualStudioVersion = 17.0.31825.309
MinimumVisualStudioVersion = 10.0.40219.1
Project("{9A19103F-16F7-4668-BE54-9A1E7A4F7556}") = "WebApiUserAddress2", "WebApiUserAddress2\WebApiUserAddress2.csproj", "{FAE07816-3602-4321-8929-96F9F55CC92A}"
EndProject
Project("{FAE04EC0-301F-11D3-BF4B-00C04F79EFBC}") = "Models", "Models\Models.csproj", "{D76E381E-9E40-4867-B48B-AD1CF9265510}"
EndProject
Project("{FAE04EC0-301F-11D3-BF4B-00C04F79EFBC}") = "Repository", "Repository\Repository.csproj", "{745F4086-4597-4508-902D-A0FFBC63A7A6}"
EndProject
Global
	GlobalSection(SolutionConfigurationPlatforms) = preSolution
		Debug|Any CPU = Debug|Any CPU
		Release|Any CPU = Release|Any CPU
	EndGlobalSection
	GlobalSection(ProjectConfigurationPlatforms) = postSolution
		{FAE07816-3602-4321-8929-96F9F55CC92A}.Debug|Any CPU.ActiveCfg = Debug|Any CPU
		{FAE07816-3602-4321-8929-96F9F55CC92A}.Debug|Any CPU.Build.0 = Debug|Any CPU
		{FAE07816-3602-4321-8929-96F9F55CC92A}.Release|Any CPU.ActiveCfg = Release|Any CPU
		{FAE07816-3602-4321-8929-96F9F55CC92A}.Release|Any CPU.Build.0 = Release|Any CPU
		{D76E381E-9E40-4867-B48B-AD1CF9265510}.Debug|Any CPU.ActiveCfg = Debug|Any CPU
		{D76E381E-9E40-4867-B48B-AD1CF9265510}.Debug|Any CPU.Build.0 = Debug|Any CPU
		{D76E381E-9E40-4867-B48B-AD1CF9265510}.Release|Any CPU.ActiveCfg = Release|Any CPU
		{D76E381E-9E40-4867-B48B-AD1CF9265510}.Release|Any CPU.Build.0 = Release|Any CPU
		{745F4086-4597-4508-902D-A0FFBC63A7A6}.Debug|Any CPU.ActiveCfg = Debug|Any CPU
		{745F4086-4597-4508-902D-A0FFBC63A7A6}.Debug|Any CPU.Build.0 = Debug|Any CPU
		{745F4086-4597-4508-902D-A0FFBC63A7A6}.Release|Any CPU.ActiveCfg = Release|Any CPU
		{745F4086-4597-4508-902D-A0FFBC63A7A6}.Release|Any CPU.Build.0 = Release|Any CPU
	EndGlobalSection
	GlobalSection(SolutionProperties) = preSolution
		HideSolutionNode = FALSE
	EndGlobalSection
	GlobalSection(ExtensibilityGlobals) = postSolution
		SolutionGuid = {6C3CD37E-0A8D-4219-90AB-F8792121F36C}
	EndGlobalSection
EndGlobal
